
Microsoft Visual Studio Solution File, Format Version 12.00
# Visual Studio Version 17
VisualStudioVersion = 17.11.35312.102
MinimumVisualStudioVersion = 10.0.40219.1
Project("{8BC9CEB8-8B4A-11D0-8D11-00A0C91BC942}") = "sem3lab10", "sem3lab10\sem3lab10.vcxproj", "{FA636557-E0B8-481C-BBBF-26EBFA00B718}"
EndProject
Global
	GlobalSection(SolutionConfigurationPlatforms) = preSolution
		Debug|x64 = Debug|x64
		Debug|x86 = Debug|x86
		Release|x64 = Release|x64
		Release|x86 = Release|x86
	EndGlobalSection
	GlobalSection(ProjectConfigurationPlatforms) = postSolution
		{FA636557-E0B8-481C-BBBF-26EBFA00B718}.Debug|x64.ActiveCfg = Debug|x64
		{FA636557-E0B8-481C-BBBF-26EBFA00B718}.Debug|x64.Build.0 = Debug|x64
		{FA636557-E0B8-481C-BBBF-26EBFA00B718}.Debug|x86.ActiveCfg = Debug|Win32
		{FA636557-E0B8-481C-BBBF-26EBFA00B718}.Debug|x86.Build.0 = Debug|Win32
		{FA636557-E0B8-481C-BBBF-26EBFA00B718}.Release|x64.ActiveCfg = Release|x64
		{FA636557-E0B8-481C-BBBF-26EBFA00B718}.Release|x64.Build.0 = Release|x64
		{FA636557-E0B8-481C-BBBF-26EBFA00B718}.Release|x86.ActiveCfg = Release|Win32
		{FA636557-E0B8-481C-BBBF-26EBFA00B718}.Release|x86.Build.0 = Release|Win32
	EndGlobalSection
	GlobalSection(SolutionProperties) = preSolution
		HideSolutionNode = FALSE
	EndGlobalSection
	GlobalSection(ExtensibilityGlobals) = postSolution
		SolutionGuid = {54ECD623-4966-4416-9A42-14E5D0EDF921}
	EndGlobalSection
EndGlobal
